
Microsoft Visual Studio Solution File, Format Version 12.00
# Visual Studio Version 17
VisualStudioVersion = 17.4.33213.308
MinimumVisualStudioVersion = 10.0.40219.1
Project("{9A19103F-16F7-4668-BE54-9A1E7A4F7556}") = "Metrics.Demo.Api", "Metrics.Demo.Api\Metrics.Demo.Api.csproj", "{48317444-92A9-41ED-B295-6B4B099EAEB7}"
EndProject
Project("{2150E333-8FDC-42A3-9474-1A3956D46DE8}") = "Solution Items", "Solution Items", "{54183E20-22B8-415A-878E-BECA40DAC36E}"
	ProjectSection(SolutionItems) = preProject
		.dockerignore = .dockerignore
		.gitignore = .gitignore
		docker-compose.yaml = docker-compose.yaml
		Dockerfile = Dockerfile
		global.json = global.json
		prometheus.yml = prometheus.yml
		README.md = README.md
	EndProjectSection
EndProject
Global
	GlobalSection(SolutionConfigurationPlatforms) = preSolution
		Debug|Any CPU = Debug|Any CPU
		Release|Any CPU = Release|Any CPU
	EndGlobalSection
	GlobalSection(ProjectConfigurationPlatforms) = postSolution
		{48317444-92A9-41ED-B295-6B4B099EAEB7}.Debug|Any CPU.ActiveCfg = Debug|Any CPU
		{48317444-92A9-41ED-B295-6B4B099EAEB7}.Debug|Any CPU.Build.0 = Debug|Any CPU
		{48317444-92A9-41ED-B295-6B4B099EAEB7}.Release|Any CPU.ActiveCfg = Release|Any CPU
		{48317444-92A9-41ED-B295-6B4B099EAEB7}.Release|Any CPU.Build.0 = Release|Any CPU
	EndGlobalSection
	GlobalSection(SolutionProperties) = preSolution
		HideSolutionNode = FALSE
	EndGlobalSection
	GlobalSection(ExtensibilityGlobals) = postSolution
		SolutionGuid = {3B579910-2E4F-4FD4-A070-08E72F3CE32E}
	EndGlobalSection
EndGlobal
